
Microsoft Visual Studio Solution File, Format Version 12.00
# Visual Studio 15
VisualStudioVersion = 15.0.28010.2050
MinimumVisualStudioVersion = 10.0.40219.1
Project("{9A19103F-16F7-4668-BE54-9A1E7A4F7556}") = "Bitwise", "Bitwise\Bitwise.csproj", "{10E84BD1-78DD-43D2-800B-C960A68E6CF7}"
EndProject
Project("{9A19103F-16F7-4668-BE54-9A1E7A4F7556}") = "XUnitTests", "XUnitTests\XUnitTests.csproj", "{7B2A8B0E-C146-48FA-99A5-7A2EFE61D145}"
EndProject
Project("{FAE04EC0-301F-11D3-BF4B-00C04F79EFBC}") = "Math", "Math\Math.csproj", "{7272C754-73ED-4185-B4AD-A8B173BFB443}"
EndProject
Global
	GlobalSection(SolutionConfigurationPlatforms) = preSolution
		Debug|Any CPU = Debug|Any CPU
		Release|Any CPU = Release|Any CPU
	EndGlobalSection
	GlobalSection(ProjectConfigurationPlatforms) = postSolution
		{10E84BD1-78DD-43D2-800B-C960A68E6CF7}.Debug|Any CPU.ActiveCfg = Debug|Any CPU
		{10E84BD1-78DD-43D2-800B-C960A68E6CF7}.Debug|Any CPU.Build.0 = Debug|Any CPU
		{10E84BD1-78DD-43D2-800B-C960A68E6CF7}.Release|Any CPU.ActiveCfg = Release|Any CPU
		{10E84BD1-78DD-43D2-800B-C960A68E6CF7}.Release|Any CPU.Build.0 = Release|Any CPU
		{7B2A8B0E-C146-48FA-99A5-7A2EFE61D145}.Debug|Any CPU.ActiveCfg = Debug|Any CPU
		{7B2A8B0E-C146-48FA-99A5-7A2EFE61D145}.Debug|Any CPU.Build.0 = Debug|Any CPU
		{7B2A8B0E-C146-48FA-99A5-7A2EFE61D145}.Release|Any CPU.ActiveCfg = Release|Any CPU
		{7B2A8B0E-C146-48FA-99A5-7A2EFE61D145}.Release|Any CPU.Build.0 = Release|Any CPU
		{7272C754-73ED-4185-B4AD-A8B173BFB443}.Debug|Any CPU.ActiveCfg = Debug|Any CPU
		{7272C754-73ED-4185-B4AD-A8B173BFB443}.Debug|Any CPU.Build.0 = Debug|Any CPU
		{7272C754-73ED-4185-B4AD-A8B173BFB443}.Release|Any CPU.ActiveCfg = Release|Any CPU
		{7272C754-73ED-4185-B4AD-A8B173BFB443}.Release|Any CPU.Build.0 = Release|Any CPU
	EndGlobalSection
	GlobalSection(SolutionProperties) = preSolution
		HideSolutionNode = FALSE
	EndGlobalSection
	GlobalSection(ExtensibilityGlobals) = postSolution
		SolutionGuid = {D857564A-8AA2-4513-B927-19C82EC93A37}
	EndGlobalSection
EndGlobal
